
Microsoft Visual Studio Solution File, Format Version 12.00
# Visual Studio Version 17
VisualStudioVersion = 17.4.33213.308
MinimumVisualStudioVersion = 10.0.40219.1
Project("{FAE04EC0-301F-11D3-BF4B-00C04F79EFBC}") = "Aplikacja do uczenia sie podstaw matematyki", "Aplikacja do uczenia sie podstaw matematyki.csproj", "{A27EFBA6-0989-47E7-BCD2-E198368E279F}"
EndProject
Project("{FAE04EC0-301F-11D3-BF4B-00C04F79EFBC}") = "Dodawanie", "..\Dodawanie\Dodawanie.csproj", "{75CDCDAC-4345-4CEB-925C-0D60DA980CB5}"
EndProject
Project("{FAE04EC0-301F-11D3-BF4B-00C04F79EFBC}") = "Odejmowanie", "..\Odejmowanie\Odejmowanie.csproj", "{F2CA25E9-1A4F-47E2-9D67-23BE85C38047}"
EndProject
Project("{FAE04EC0-301F-11D3-BF4B-00C04F79EFBC}") = "Mnozenie", "..\Mnozenie\Mnozenie.csproj", "{1FF2824C-3517-4880-A8C3-69EF7E398B6B}"
EndProject
Project("{FAE04EC0-301F-11D3-BF4B-00C04F79EFBC}") = "Dzielenie", "..\Dzielenie\Dzielenie.csproj", "{C0042582-85BA-4265-A695-B0D687388FC4}"
EndProject
Project("{54435603-DBB4-11D2-8724-00A0C9A8B90C}") = "Setup", "..\Setup\Setup.vdproj", "{886380C2-E513-404B-867A-33D41866BEF2}"
EndProject
Global
	GlobalSection(SolutionConfigurationPlatforms) = preSolution
		Debug|Any CPU = Debug|Any CPU
		Release|Any CPU = Release|Any CPU
	EndGlobalSection
	GlobalSection(ProjectConfigurationPlatforms) = postSolution
		{A27EFBA6-0989-47E7-BCD2-E198368E279F}.Debug|Any CPU.ActiveCfg = Release|Any CPU
		{A27EFBA6-0989-47E7-BCD2-E198368E279F}.Debug|Any CPU.Build.0 = Release|Any CPU
		{A27EFBA6-0989-47E7-BCD2-E198368E279F}.Release|Any CPU.ActiveCfg = Release|Any CPU
		{A27EFBA6-0989-47E7-BCD2-E198368E279F}.Release|Any CPU.Build.0 = Release|Any CPU
		{75CDCDAC-4345-4CEB-925C-0D60DA980CB5}.Debug|Any CPU.ActiveCfg = Release|Any CPU
		{75CDCDAC-4345-4CEB-925C-0D60DA980CB5}.Debug|Any CPU.Build.0 = Release|Any CPU
		{75CDCDAC-4345-4CEB-925C-0D60DA980CB5}.Release|Any CPU.ActiveCfg = Release|Any CPU
		{75CDCDAC-4345-4CEB-925C-0D60DA980CB5}.Release|Any CPU.Build.0 = Release|Any CPU
		{F2CA25E9-1A4F-47E2-9D67-23BE85C38047}.Debug|Any CPU.ActiveCfg = Release|Any CPU
		{F2CA25E9-1A4F-47E2-9D67-23BE85C38047}.Debug|Any CPU.Build.0 = Release|Any CPU
		{F2CA25E9-1A4F-47E2-9D67-23BE85C38047}.Release|Any CPU.ActiveCfg = Release|Any CPU
		{F2CA25E9-1A4F-47E2-9D67-23BE85C38047}.Release|Any CPU.Build.0 = Release|Any CPU
		{1FF2824C-3517-4880-A8C3-69EF7E398B6B}.Debug|Any CPU.ActiveCfg = Release|Any CPU
		{1FF2824C-3517-4880-A8C3-69EF7E398B6B}.Debug|Any CPU.Build.0 = Release|Any CPU
		{1FF2824C-3517-4880-A8C3-69EF7E398B6B}.Release|Any CPU.ActiveCfg = Release|Any CPU
		{1FF2824C-3517-4880-A8C3-69EF7E398B6B}.Release|Any CPU.Build.0 = Release|Any CPU
		{C0042582-85BA-4265-A695-B0D687388FC4}.Debug|Any CPU.ActiveCfg = Release|Any CPU
		{C0042582-85BA-4265-A695-B0D687388FC4}.Debug|Any CPU.Build.0 = Release|Any CPU
		{C0042582-85BA-4265-A695-B0D687388FC4}.Release|Any CPU.ActiveCfg = Release|Any CPU
		{C0042582-85BA-4265-A695-B0D687388FC4}.Release|Any CPU.Build.0 = Release|Any CPU
		{886380C2-E513-404B-867A-33D41866BEF2}.Debug|Any CPU.ActiveCfg = Debug
		{886380C2-E513-404B-867A-33D41866BEF2}.Release|Any CPU.ActiveCfg = Release
	EndGlobalSection
	GlobalSection(SolutionProperties) = preSolution
		HideSolutionNode = FALSE
	EndGlobalSection
	GlobalSection(ExtensibilityGlobals) = postSolution
		SolutionGuid = {47C2C5E0-D37E-4BD5-BAFD-4C5360682CFA}
	EndGlobalSection
EndGlobal
